// !$*UTF8*$!
{
	archiveVersion = 1;
	classes = {
	};
	objectVersion = 77;
	objects = {

/* Begin PBXBuildFile section */
		04A1B2C3D4E5F60718293A4D /* MapLibre in Frameworks */ = {isa = PBXBuildFile; productRef = 04A1B2C3D4E5F60718293A4C /* MapLibre */; };
		0AB1C2D3E4F5061728394A0A /* FontAppWidget.appex in Embed Foundation Extensions */ = {isa = PBXBuildFile; fileRef = 0AB1C2D3E4F5061728394A01 /* FontAppWidget.appex */; settings = {ATTRIBUTES = (RemoveHeadersOnCopy, ); }; };
/* End PBXBuildFile section */

/* Begin PBXContainerItemProxy section */
		044F28873068858A00D0EF7B /* PBXContainerItemProxy */ = {
			isa = PBXContainerItemProxy;
			containerPortal = 044F286F3068858800D0EF7B /* Project object */;
			proxyType = 1;
			remoteGlobalIDString = 044F28763068858800D0EF7B;
			remoteInfo = FontApp;
		};
		044F28913068858A00D0EF7B /* PBXContainerItemProxy */ = {
			isa = PBXContainerItemProxy;
			containerPortal = 044F286F3068858800D0EF7B /* Project object */;
			proxyType = 1;
			remoteGlobalIDString = 044F28763068858800D0EF7B;
			remoteInfo = FontApp;
		};
		0AB1C2D3E4F5061728394A0C /* PBXContainerItemProxy */ = {
			isa = PBXContainerItemProxy;
			containerPortal = 044F286F3068858800D0EF7B /* Project object */;
			proxyType = 1;
			remoteGlobalIDString = 0AB1C2D3E4F5061728394A06;
			remoteInfo = FontAppWidget;
		};
/* End PBXContainerItemProxy section */

/* Begin PBXCopyFilesBuildPhase section */
		0AB1C2D3E4F5061728394A0B /* Embed Foundation Extensions */ = {
			isa = PBXCopyFilesBuildPhase;
			buildActionMask = 2147483647;
			dstPath = "";
			dstSubfolderSpec = 13;
			files = (
				0AB1C2D3E4F5061728394A0A /* FontAppWidget.appex in Embed Foundation Extensions */,
			);
			name = "Embed Foundation Extensions";
			runOnlyForDeploymentPostprocessing = 0;
		};
/* End PBXCopyFilesBuildPhase section */

/* Begin PBXFileReference section */
		044F28773068858800D0EF7B /* FontApp.app */ = {isa = PBXFileReference; explicitFileType = wrapper.application; includeInIndex = 0; path = FontApp.app; sourceTree = BUILT_PRODUCTS_DIR; };
		044F28863068858A00D0EF7B /* FontAppTests.xctest */ = {isa = PBXFileReference; explicitFileType = wrapper.cfbundle; includeInIndex = 0; path = FontAppTests.xctest; sourceTree = BUILT_PRODUCTS_DIR; };
		044F28903068858A00D0EF7B /* FontAppUITests.xctest */ = {isa = PBXFileReference; explicitFileType = wrapper.cfbundle; includeInIndex = 0; path = FontAppUITests.xctest; sourceTree = BUILT_PRODUCTS_DIR; };
		04A1B2C3D4E5F60718293A50 /* Moia.gpx */ = {isa = PBXFileReference; lastKnownFileType = text.xml; name = Moia.gpx; path = Simulator/Moia.gpx; sourceTree = "<group>"; };
		0AB1C2D3E4F5061728394A01 /* FontAppWidget.appex */ = {isa = PBXFileReference; explicitFileType = "wrapper.app-extension"; includeInIndex = 0; path = FontAppWidget.appex; sourceTree = BUILT_PRODUCTS_DIR; };
/* End PBXFileReference section */

/* Begin PBXFileSystemSynchronizedRootGroup section */
		044F28793068858800D0EF7B /* FontApp */ = {
			isa = PBXFileSystemSynchronizedRootGroup;
			path = FontApp;
			sourceTree = "<group>";
		};
		044F28893068858A00D0EF7B /* FontAppTests */ = {
			isa = PBXFileSystemSynchronizedRootGroup;
			path = FontAppTests;
			sourceTree = "<group>";
		};
		044F28933068858A00D0EF7B /* FontAppUITests */ = {
			isa = PBXFileSystemSynchronizedRootGroup;
			path = FontAppUITests;
			sourceTree = "<group>";
		};
		0AB1C2D3E4F5061728394A02 /* FontAppWidget */ = {
			isa = PBXFileSystemSynchronizedRootGroup;
			path = FontAppWidget;
			sourceTree = "<group>";
		};
/* End PBXFileSystemSynchronizedRootGroup section */

/* Begin PBXFrameworksBuildPhase section */
		044F28743068858800D0EF7B /* Frameworks */ = {
			isa = PBXFrameworksBuildPhase;
			buildActionMask = 2147483647;
			files = (
				04A1B2C3D4E5F60718293A4D /* MapLibre in Frameworks */,
			);
			runOnlyForDeploymentPostprocessing = 0;
		};
		044F28833068858A00D0EF7B /* Frameworks */ = {
			isa = PBXFrameworksBuildPhase;
			buildActionMask = 2147483647;
			files = (
			);
			runOnlyForDeploymentPostprocessing = 0;
		};
		044F288D3068858A00D0EF7B /* Frameworks */ = {
			isa = PBXFrameworksBuildPhase;
			buildActionMask = 2147483647;
			files = (
			);
			runOnlyForDeploymentPostprocessing = 0;
		};
		0AB1C2D3E4F5061728394A03 /* Frameworks */ = {
			isa = PBXFrameworksBuildPhase;
			buildActionMask = 2147483647;
			files = (
			);
			runOnlyForDeploymentPostprocessing = 0;
		};
/* End PBXFrameworksBuildPhase section */

/* Begin PBXGroup section */
		044F286E3068858800D0EF7B = {
			isa = PBXGroup;
			children = (
				044F28793068858800D0EF7B /* FontApp */,
				044F28893068858A00D0EF7B /* FontAppTests */,
				044F28933068858A00D0EF7B /* FontAppUITests */,
				0AB1C2D3E4F5061728394A02 /* FontAppWidget */,
				04A1B2C3D4E5F60718293A50 /* Moia.gpx */,
				044F28783068858800D0EF7B /* Products */,
			);
			sourceTree = "<group>";
		};
		044F28783068858800D0EF7B /* Products */ = {
			isa = PBXGroup;
			children = (
				044F28773068858800D0EF7B /* FontApp.app */,
				044F28863068858A00D0EF7B /* FontAppTests.xctest */,
				044F28903068858A00D0EF7B /* FontAppUITests.xctest */,
				0AB1C2D3E4F5061728394A01 /* FontAppWidget.appex */,
			);
			name = Products;
			sourceTree = "<group>";
		};
/* End PBXGroup section */

/* Begin PBXNativeTarget section */
		044F28763068858800D0EF7B /* FontApp */ = {
			isa = PBXNativeTarget;
			buildConfigurationList = 044F289A3068858A00D0EF7B /* Build configuration list for PBXNativeTarget "FontApp" */;
			buildPhases = (
				044F28733068858800D0EF7B /* Sources */,
				044F28743068858800D0EF7B /* Frameworks */,
				044F28753068858800D0EF7B /* Resources */,
				0AB1C2D3E4F5061728394A0B /* Embed Foundation Extensions */,
				0AB1C2D3E4F5061728394B01 /* Set Build Number */,
			);
			buildRules = (
			);
			dependencies = (
				0AB1C2D3E4F5061728394A0D /* PBXTargetDependency */,
			);
			fileSystemSynchronizedGroups = (
				044F28793068858800D0EF7B /* FontApp */,
			);
			name = FontApp;
			packageProductDependencies = (
				04A1B2C3D4E5F60718293A4C /* MapLibre */,
			);
			productName = FontApp;
			productReference = 044F28773068858800D0EF7B /* FontApp.app */;
			productType = "com.apple.product-type.application";
		};
		044F28853068858A00D0EF7B /* FontAppTests */ = {
			isa = PBXNativeTarget;
			buildConfigurationList = 044F289D3068858A00D0EF7B /* Build configuration list for PBXNativeTarget "FontAppTests" */;
			buildPhases = (
				044F28823068858A00D0EF7B /* Sources */,
				044F28833068858A00D0EF7B /* Frameworks */,
				044F28843068858A00D0EF7B /* Resources */,
			);
			buildRules = (
			);
			dependencies = (
				044F28883068858A00D0EF7B /* PBXTargetDependency */,
			);
			fileSystemSynchronizedGroups = (
				044F28893068858A00D0EF7B /* FontAppTests */,
			);
			name = FontAppTests;
			packageProductDependencies = (
			);
			productName = FontAppTests;
			productReference = 044F28863068858A00D0EF7B /* FontAppTests.xctest */;
			productType = "com.apple.product-type.bundle.unit-test";
		};
		044F288F3068858A00D0EF7B /* FontAppUITests */ = {
			isa = PBXNativeTarget;
			buildConfigurationList = 044F28A03068858A00D0EF7B /* Build configuration list for PBXNativeTarget "FontAppUITests" */;
			buildPhases = (
				044F288C3068858A00D0EF7B /* Sources */,
				044F288D3068858A00D0EF7B /* Frameworks */,
				044F288E3068858A00D0EF7B /* Resources */,
			);
			buildRules = (
			);
			dependencies = (
				044F28923068858A00D0EF7B /* PBXTargetDependency */,
			);
			fileSystemSynchronizedGroups = (
				044F28933068858A00D0EF7B /* FontAppUITests */,
			);
			name = FontAppUITests;
			packageProductDependencies = (
			);
			productName = FontAppUITests;
			productReference = 044F28903068858A00D0EF7B /* FontAppUITests.xctest */;
			productType = "com.apple.product-type.bundle.ui-testing";
		};
		0AB1C2D3E4F5061728394A06 /* FontAppWidget */ = {
			isa = PBXNativeTarget;
			buildConfigurationList = 0AB1C2D3E4F5061728394A07 /* Build configuration list for PBXNativeTarget "FontAppWidget" */;
			buildPhases = (
				0AB1C2D3E4F5061728394A05 /* Sources */,
				0AB1C2D3E4F5061728394A03 /* Frameworks */,
				0AB1C2D3E4F5061728394A04 /* Resources */,
				0AB1C2D3E4F5061728394B02 /* Set Build Number */,
			);
			buildRules = (
			);
			dependencies = (
			);
			fileSystemSynchronizedGroups = (
				0AB1C2D3E4F5061728394A02 /* FontAppWidget */,
			);
			name = FontAppWidget;
			packageProductDependencies = (
			);
			productName = FontAppWidget;
			productReference = 0AB1C2D3E4F5061728394A01 /* FontAppWidget.appex */;
			productType = "com.apple.product-type.app-extension";
		};
/* End PBXNativeTarget section */

/* Begin PBXProject section */
		044F286F3068858800D0EF7B /* Project object */ = {
			isa = PBXProject;
			attributes = {
				BuildIndependentTargetsInParallel = 1;
				LastSwiftUpdateCheck = 2660;
				LastUpgradeCheck = 2660;
				TargetAttributes = {
					044F28763068858800D0EF7B = {
						CreatedOnToolsVersion = 26.6;
					};
					044F28853068858A00D0EF7B = {
						CreatedOnToolsVersion = 26.6;
						TestTargetID = 044F28763068858800D0EF7B;
					};
					044F288F3068858A00D0EF7B = {
						CreatedOnToolsVersion = 26.6;
						TestTargetID = 044F28763068858800D0EF7B;
					};
					0AB1C2D3E4F5061728394A06 = {
						CreatedOnToolsVersion = 26.6;
					};
				};
			};
			buildConfigurationList = 044F28723068858800D0EF7B /* Build configuration list for PBXProject "FontApp" */;
			developmentRegion = ca;
			hasScannedForEncodings = 0;
			knownRegions = (
				ca,
				es,
				gl,
				eu,
				en,
				fr,
				"pt-PT",
				it,
				Base,
			);
			mainGroup = 044F286E3068858800D0EF7B;
			minimizedProjectReferenceProxies = 1;
			packageReferences = (
				04A1B2C3D4E5F60718293A4B /* XCRemoteSwiftPackageReference "maplibre-gl-native-distribution" */,
			);
			preferredProjectObjectVersion = 77;
			productRefGroup = 044F28783068858800D0EF7B /* Products */;
			projectDirPath = "";
			projectRoot = "";
			targets = (
				044F28763068858800D0EF7B /* FontApp */,
				044F28853068858A00D0EF7B /* FontAppTests */,
				044F288F3068858A00D0EF7B /* FontAppUITests */,
				0AB1C2D3E4F5061728394A06 /* FontAppWidget */,
			);
		};
/* End PBXProject section */

/* Begin PBXResourcesBuildPhase section */
		044F28753068858800D0EF7B /* Resources */ = {
			isa = PBXResourcesBuildPhase;
			buildActionMask = 2147483647;
			files = (
			);
			runOnlyForDeploymentPostprocessing = 0;
		};
		044F28843068858A00D0EF7B /* Resources */ = {
			isa = PBXResourcesBuildPhase;
			buildActionMask = 2147483647;
			files = (
			);
			runOnlyForDeploymentPostprocessing = 0;
		};
		044F288E3068858A00D0EF7B /* Resources */ = {
			isa = PBXResourcesBuildPhase;
			buildActionMask = 2147483647;
			files = (
			);
			runOnlyForDeploymentPostprocessing = 0;
		};
		0AB1C2D3E4F5061728394A04 /* Resources */ = {
			isa = PBXResourcesBuildPhase;
			buildActionMask = 2147483647;
			files = (
			);
			runOnlyForDeploymentPostprocessing = 0;
		};
/* End PBXResourcesBuildPhase section */

/* Begin PBXShellScriptBuildPhase section */
		0AB1C2D3E4F5061728394B01 /* Set Build Number */ = {
			isa = PBXShellScriptBuildPhase;
			alwaysOutOfDate = 1;
			buildActionMask = 2147483647;
			files = (
			);
			inputFileListPaths = (
			);
			inputPaths = (
				"$(TARGET_BUILD_DIR)/$(INFOPLIST_PATH)",
			);
			name = "Set Build Number";
			outputFileListPaths = (
			);
			outputPaths = (
			);
			runOnlyForDeploymentPostprocessing = 0;
			shellPath = /bin/sh;
			shellScript = "\"$SRCROOT/../scripts/set-build-number.sh\"\n";
		};
		0AB1C2D3E4F5061728394B02 /* Set Build Number */ = {
			isa = PBXShellScriptBuildPhase;
			alwaysOutOfDate = 1;
			buildActionMask = 2147483647;
			files = (
			);
			inputFileListPaths = (
			);
			inputPaths = (
				"$(TARGET_BUILD_DIR)/$(INFOPLIST_PATH)",
			);
			name = "Set Build Number";
			outputFileListPaths = (
			);
			outputPaths = (
			);
			runOnlyForDeploymentPostprocessing = 0;
			shellPath = /bin/sh;
			shellScript = "\"$SRCROOT/../scripts/set-build-number.sh\"\n";
		};
/* End PBXShellScriptBuildPhase section */

/* Begin PBXSourcesBuildPhase section */
		044F28733068858800D0EF7B /* Sources */ = {
			isa = PBXSourcesBuildPhase;
			buildActionMask = 2147483647;
			files = (
			);
			runOnlyForDeploymentPostprocessing = 0;
		};
		044F28823068858A00D0EF7B /* Sources */ = {
			isa = PBXSourcesBuildPhase;
			buildActionMask = 2147483647;
			files = (
			);
			runOnlyForDeploymentPostprocessing = 0;
		};
		044F288C3068858A00D0EF7B /* Sources */ = {
			isa = PBXSourcesBuildPhase;
			buildActionMask = 2147483647;
			files = (
			);
			runOnlyForDeploymentPostprocessing = 0;
		};
		0AB1C2D3E4F5061728394A05 /* Sources */ = {
			isa = PBXSourcesBuildPhase;
			buildActionMask = 2147483647;
			files = (
			);
			runOnlyForDeploymentPostprocessing = 0;
		};
/* End PBXSourcesBuildPhase section */

/* Begin PBXTargetDependency section */
		044F28883068858A00D0EF7B /* PBXTargetDependency */ = {
			isa = PBXTargetDependency;
			target = 044F28763068858800D0EF7B /* FontApp */;
			targetProxy = 044F28873068858A00D0EF7B /* PBXContainerItemProxy */;
		};
		044F28923068858A00D0EF7B /* PBXTargetDependency */ = {
			isa = PBXTargetDependency;
			target = 044F28763068858800D0EF7B /* FontApp */;
			targetProxy = 044F28913068858A00D0EF7B /* PBXContainerItemProxy */;
		};
		0AB1C2D3E4F5061728394A0D /* PBXTargetDependency */ = {
			isa = PBXTargetDependency;
			target = 0AB1C2D3E4F5061728394A06 /* FontAppWidget */;
			targetProxy = 0AB1C2D3E4F5061728394A0C /* PBXContainerItemProxy */;
		};
/* End PBXTargetDependency section */

/* Begin XCBuildConfiguration section */
		044F28983068858A00D0EF7B /* Debug */ = {
			isa = XCBuildConfiguration;
			buildSettings = {
				ALWAYS_SEARCH_USER_PATHS = NO;
				ASSETCATALOG_COMPILER_GENERATE_SWIFT_ASSET_SYMBOL_EXTENSIONS = YES;
				CLANG_ANALYZER_NONNULL = YES;
				CLANG_ANALYZER_NUMBER_OBJECT_CONVERSION = YES_AGGRESSIVE;
				CLANG_CXX_LANGUAGE_STANDARD = "gnu++20";
				CLANG_ENABLE_MODULES = YES;
				CLANG_ENABLE_OBJC_ARC = YES;
				CLANG_ENABLE_OBJC_WEAK = YES;
				CLANG_WARN_BLOCK_CAPTURE_AUTORELEASING = YES;
				CLANG_WARN_BOOL_CONVERSION = YES;
				CLANG_WARN_COMMA = YES;
				CLANG_WARN_CONSTANT_CONVERSION = YES;
				CLANG_WARN_DEPRECATED_OBJC_IMPLEMENTATIONS = YES;
				CLANG_WARN_DIRECT_OBJC_ISA_USAGE = YES_ERROR;
				CLANG_WARN_DOCUMENTATION_COMMENTS = YES;
				CLANG_WARN_EMPTY_BODY = YES;
				CLANG_WARN_ENUM_CONVERSION = YES;
				CLANG_WARN_INFINITE_RECURSION = YES;
				CLANG_WARN_INT_CONVERSION = YES;
				CLANG_WARN_NON_LITERAL_NULL_CONVERSION = YES;
				CLANG_WARN_OBJC_IMPLICIT_RETAIN_SELF = YES;
				CLANG_WARN_OBJC_LITERAL_CONVERSION = YES;
				CLANG_WARN_OBJC_ROOT_CLASS = YES_ERROR;
				CLANG_WARN_QUOTED_INCLUDE_IN_FRAMEWORK_HEADER = YES;
				CLANG_WARN_RANGE_LOOP_ANALYSIS = YES;
				CLANG_WARN_STRICT_PROTOTYPES = YES;
				CLANG_WARN_SUSPICIOUS_MOVE = YES;
				CLANG_WARN_UNGUARDED_AVAILABILITY = YES_AGGRESSIVE;
				CLANG_WARN_UNREACHABLE_CODE = YES;
				CLANG_WARN__DUPLICATE_METHOD_MATCH = YES;
				COPY_PHASE_STRIP = NO;
				DEBUG_INFORMATION_FORMAT = dwarf;
				ENABLE_STRICT_OBJC_MSGSEND = YES;
				ENABLE_TESTABILITY = YES;
				ENABLE_USER_SCRIPT_SANDBOXING = YES;
				GCC_C_LANGUAGE_STANDARD = gnu17;
				GCC_DYNAMIC_NO_PIC = NO;
				GCC_NO_COMMON_BLOCKS = YES;
				GCC_OPTIMIZATION_LEVEL = 0;
				GCC_PREPROCESSOR_DEFINITIONS = (
					"DEBUG=1",
					"$(inherited)",
				);
				GCC_WARN_64_TO_32_BIT_CONVERSION = YES;
				GCC_WARN_ABOUT_RETURN_TYPE = YES_ERROR;
				GCC_WARN_UNDECLARED_SELECTOR = YES;
				GCC_WARN_UNINITIALIZED_AUTOS = YES_AGGRESSIVE;
				GCC_WARN_UNUSED_FUNCTION = YES;
				GCC_WARN_UNUSED_VARIABLE = YES;
				IPHONEOS_DEPLOYMENT_TARGET = 26.5;
				LOCALIZATION_PREFERS_STRING_CATALOGS = YES;
				MTL_ENABLE_DEBUG_INFO = INCLUDE_SOURCE;
				MTL_FAST_MATH = YES;
				ONLY_ACTIVE_ARCH = YES;
				SDKROOT = iphoneos;
				SWIFT_ACTIVE_COMPILATION_CONDITIONS = "DEBUG $(inherited)";
				SWIFT_OPTIMIZATION_LEVEL = "-Onone";
			};
			name = Debug;
		};
		044F28993068858A00D0EF7B /* Release */ = {
			isa = XCBuildConfiguration;
			buildSettings = {
				ALWAYS_SEARCH_USER_PATHS = NO;
				ASSETCATALOG_COMPILER_GENERATE_SWIFT_ASSET_SYMBOL_EXTENSIONS = YES;
				CLANG_ANALYZER_NONNULL = YES;
				CLANG_ANALYZER_NUMBER_OBJECT_CONVERSION = YES_AGGRESSIVE;
				CLANG_CXX_LANGUAGE_STANDARD = "gnu++20";
				CLANG_ENABLE_MODULES = YES;
				CLANG_ENABLE_OBJC_ARC = YES;
				CLANG_ENABLE_OBJC_WEAK = YES;
				CLANG_WARN_BLOCK_CAPTURE_AUTORELEASING = YES;
				CLANG_WARN_BOOL_CONVERSION = YES;
				CLANG_WARN_COMMA = YES;
				CLANG_WARN_CONSTANT_CONVERSION = YES;
				CLANG_WARN_DEPRECATED_OBJC_IMPLEMENTATIONS = YES;
				CLANG_WARN_DIRECT_OBJC_ISA_USAGE = YES_ERROR;
				CLANG_WARN_DOCUMENTATION_COMMENTS = YES;
				CLANG_WARN_EMPTY_BODY = YES;
				CLANG_WARN_ENUM_CONVERSION = YES;
				CLANG_WARN_INFINITE_RECURSION = YES;
				CLANG_WARN_INT_CONVERSION = YES;
				CLANG_WARN_NON_LITERAL_NULL_CONVERSION = YES;
				CLANG_WARN_OBJC_IMPLICIT_RETAIN_SELF = YES;
				CLANG_WARN_OBJC_LITERAL_CONVERSION = YES;
				CLANG_WARN_OBJC_ROOT_CLASS = YES_ERROR;
				CLANG_WARN_QUOTED_INCLUDE_IN_FRAMEWORK_HEADER = YES;
				CLANG_WARN_RANGE_LOOP_ANALYSIS = YES;
				CLANG_WARN_STRICT_PROTOTYPES = YES;
				CLANG_WARN_SUSPICIOUS_MOVE = YES;
				CLANG_WARN_UNGUARDED_AVAILABILITY = YES_AGGRESSIVE;
				CLANG_WARN_UNREACHABLE_CODE = YES;
				CLANG_WARN__DUPLICATE_METHOD_MATCH = YES;
				COPY_PHASE_STRIP = NO;
				DEBUG_INFORMATION_FORMAT = "dwarf-with-dsym";
				ENABLE_NS_ASSERTIONS = NO;
				ENABLE_STRICT_OBJC_MSGSEND = YES;
				ENABLE_USER_SCRIPT_SANDBOXING = YES;
				GCC_C_LANGUAGE_STANDARD = gnu17;
				GCC_NO_COMMON_BLOCKS = YES;
				GCC_WARN_64_TO_32_BIT_CONVERSION = YES;
				GCC_WARN_ABOUT_RETURN_TYPE = YES_ERROR;
				GCC_WARN_UNDECLARED_SELECTOR = YES;
				GCC_WARN_UNINITIALIZED_AUTOS = YES_AGGRESSIVE;
				GCC_WARN_UNUSED_FUNCTION = YES;
				GCC_WARN_UNUSED_VARIABLE = YES;
				IPHONEOS_DEPLOYMENT_TARGET = 26.5;
				LOCALIZATION_PREFERS_STRING_CATALOGS = YES;
				MTL_ENABLE_DEBUG_INFO = NO;
				MTL_FAST_MATH = YES;
				SDKROOT = iphoneos;
				SWIFT_COMPILATION_MODE = wholemodule;
				VALIDATE_PRODUCT = YES;
			};
			name = Release;
		};
		044F289B3068858A00D0EF7B /* Debug */ = {
			isa = XCBuildConfiguration;
			buildSettings = {
				ASSETCATALOG_COMPILER_APPICON_NAME = AppIcon;
				ASSETCATALOG_COMPILER_GLOBAL_ACCENT_COLOR_NAME = AccentColor;
				CODE_SIGN_ENTITLEMENTS = FontApp.entitlements;
				CODE_SIGN_STYLE = Automatic;
				CURRENT_PROJECT_VERSION = 6;
				DEVELOPMENT_TEAM = 7V6773B2EX;
				ENABLE_PREVIEWS = YES;
				ENABLE_USER_SCRIPT_SANDBOXING = NO;
				GENERATE_INFOPLIST_FILE = YES;
				INFOPLIST_FILE = Info.plist;
				INFOPLIST_KEY_ITSAppUsesNonExemptEncryption = NO;
				INFOPLIST_KEY_LSSupportsOpeningDocumentsInPlace = NO;
				INFOPLIST_KEY_NSCameraUsageDescription = "FontApp uses the camera to take the photo of a fountain.";
				INFOPLIST_KEY_NSLocationAlwaysAndWhenInUseUsageDescription = "Only if you turn on “Tell me when I pass a fountain”: FontApp uses your location in the background to ask how a fountain is when you pass near it. It is not stored anywhere.";
				INFOPLIST_KEY_NSLocationWhenInUseUsageDescription = "FontApp uses your location to show you the fountains and news near you.";
				INFOPLIST_KEY_NSMotionUsageDescription = "Only if you turn on “Tell me when I pass a fountain”: FontApp checks whether you are in a car so it does not ask when you drive past. It is not stored anywhere.";
				INFOPLIST_KEY_NSPhotoLibraryAddUsageDescription = "FontApp saves to your photos the ones you take with the app's camera, so they are not lost, and the picture of a fountain waiting to be sent.";
				INFOPLIST_KEY_UIApplicationSceneManifest_Generation = YES;
				INFOPLIST_KEY_UIApplicationSupportsIndirectInputEvents = YES;
				INFOPLIST_KEY_UILaunchScreen_Generation = YES;
				INFOPLIST_KEY_UISupportedInterfaceOrientations_iPad = "UIInterfaceOrientationPortrait UIInterfaceOrientationPortraitUpsideDown UIInterfaceOrientationLandscapeLeft UIInterfaceOrientationLandscapeRight";
				INFOPLIST_KEY_UISupportedInterfaceOrientations_iPhone = "UIInterfaceOrientationPortrait UIInterfaceOrientationLandscapeLeft UIInterfaceOrientationLandscapeRight";
				LD_RUNPATH_SEARCH_PATHS = (
					"$(inherited)",
					"@executable_path/Frameworks",
				);
				MARKETING_VERSION = 1.0;
				PRODUCT_BUNDLE_IDENTIFIER = net.fontapp.FontApp;
				PRODUCT_NAME = "$(TARGET_NAME)";
				STRING_CATALOG_GENERATE_SYMBOLS = YES;
				SWIFT_APPROACHABLE_CONCURRENCY = YES;
				SWIFT_DEFAULT_ACTOR_ISOLATION = MainActor;
				SWIFT_EMIT_LOC_STRINGS = YES;
				SWIFT_UPCOMING_FEATURE_MEMBER_IMPORT_VISIBILITY = YES;
				SWIFT_VERSION = 5.0;
				TARGETED_DEVICE_FAMILY = 1;
			};
			name = Debug;
		};
		044F289C3068858A00D0EF7B /* Release */ = {
			isa = XCBuildConfiguration;
			buildSettings = {
				ASSETCATALOG_COMPILER_APPICON_NAME = AppIcon;
				ASSETCATALOG_COMPILER_GLOBAL_ACCENT_COLOR_NAME = AccentColor;
				CODE_SIGN_ENTITLEMENTS = FontApp.entitlements;
				CODE_SIGN_STYLE = Automatic;
				CURRENT_PROJECT_VERSION = 6;
				DEVELOPMENT_TEAM = 7V6773B2EX;
				ENABLE_PREVIEWS = YES;
				ENABLE_USER_SCRIPT_SANDBOXING = NO;
				GENERATE_INFOPLIST_FILE = YES;
				INFOPLIST_FILE = Info.plist;
				INFOPLIST_KEY_ITSAppUsesNonExemptEncryption = NO;
				INFOPLIST_KEY_LSSupportsOpeningDocumentsInPlace = NO;
				INFOPLIST_KEY_NSCameraUsageDescription = "FontApp uses the camera to take the photo of a fountain.";
				INFOPLIST_KEY_NSLocationAlwaysAndWhenInUseUsageDescription = "Only if you turn on “Tell me when I pass a fountain”: FontApp uses your location in the background to ask how a fountain is when you pass near it. It is not stored anywhere.";
				INFOPLIST_KEY_NSLocationWhenInUseUsageDescription = "FontApp uses your location to show you the fountains and news near you.";
				INFOPLIST_KEY_NSMotionUsageDescription = "Only if you turn on “Tell me when I pass a fountain”: FontApp checks whether you are in a car so it does not ask when you drive past. It is not stored anywhere.";
				INFOPLIST_KEY_NSPhotoLibraryAddUsageDescription = "FontApp saves to your photos the ones you take with the app's camera, so they are not lost, and the picture of a fountain waiting to be sent.";
				INFOPLIST_KEY_UIApplicationSceneManifest_Generation = YES;
				INFOPLIST_KEY_UIApplicationSupportsIndirectInputEvents = YES;
				INFOPLIST_KEY_UILaunchScreen_Generation = YES;
				INFOPLIST_KEY_UISupportedInterfaceOrientations_iPad = "UIInterfaceOrientationPortrait UIInterfaceOrientationPortraitUpsideDown UIInterfaceOrientationLandscapeLeft UIInterfaceOrientationLandscapeRight";
				INFOPLIST_KEY_UISupportedInterfaceOrientations_iPhone = "UIInterfaceOrientationPortrait UIInterfaceOrientationLandscapeLeft UIInterfaceOrientationLandscapeRight";
				LD_RUNPATH_SEARCH_PATHS = (
					"$(inherited)",
					"@executable_path/Frameworks",
				);
				MARKETING_VERSION = 1.0;
				PRODUCT_BUNDLE_IDENTIFIER = net.fontapp.FontApp;
				PRODUCT_NAME = "$(TARGET_NAME)";
				STRING_CATALOG_GENERATE_SYMBOLS = YES;
				SWIFT_APPROACHABLE_CONCURRENCY = YES;
				SWIFT_DEFAULT_ACTOR_ISOLATION = MainActor;
				SWIFT_EMIT_LOC_STRINGS = YES;
				SWIFT_UPCOMING_FEATURE_MEMBER_IMPORT_VISIBILITY = YES;
				SWIFT_VERSION = 5.0;
				TARGETED_DEVICE_FAMILY = 1;
			};
			name = Release;
		};
		044F289E3068858A00D0EF7B /* Debug */ = {
			isa = XCBuildConfiguration;
			buildSettings = {
				BUNDLE_LOADER = "$(TEST_HOST)";
				CODE_SIGN_STYLE = Automatic;
				CURRENT_PROJECT_VERSION = 1;
				GENERATE_INFOPLIST_FILE = YES;
				IPHONEOS_DEPLOYMENT_TARGET = 26.5;
				MARKETING_VERSION = 1.0;
				PRODUCT_BUNDLE_IDENTIFIER = net.fontapp.FontAppTests;
				PRODUCT_NAME = "$(TARGET_NAME)";
				STRING_CATALOG_GENERATE_SYMBOLS = NO;
				SWIFT_APPROACHABLE_CONCURRENCY = YES;
				SWIFT_EMIT_LOC_STRINGS = NO;
				SWIFT_UPCOMING_FEATURE_MEMBER_IMPORT_VISIBILITY = YES;
				SWIFT_VERSION = 5.0;
				TARGETED_DEVICE_FAMILY = "1,2";
				TEST_HOST = "$(BUILT_PRODUCTS_DIR)/FontApp.app/$(BUNDLE_EXECUTABLE_FOLDER_PATH)/FontApp";
			};
			name = Debug;
		};
		044F289F3068858A00D0EF7B /* Release */ = {
			isa = XCBuildConfiguration;
			buildSettings = {
				BUNDLE_LOADER = "$(TEST_HOST)";
				CODE_SIGN_STYLE = Automatic;
				CURRENT_PROJECT_VERSION = 1;
				GENERATE_INFOPLIST_FILE = YES;
				IPHONEOS_DEPLOYMENT_TARGET = 26.5;
				MARKETING_VERSION = 1.0;
				PRODUCT_BUNDLE_IDENTIFIER = net.fontapp.FontAppTests;
				PRODUCT_NAME = "$(TARGET_NAME)";
				STRING_CATALOG_GENERATE_SYMBOLS = NO;
				SWIFT_APPROACHABLE_CONCURRENCY = YES;
				SWIFT_EMIT_LOC_STRINGS = NO;
				SWIFT_UPCOMING_FEATURE_MEMBER_IMPORT_VISIBILITY = YES;
				SWIFT_VERSION = 5.0;
				TARGETED_DEVICE_FAMILY = "1,2";
				TEST_HOST = "$(BUILT_PRODUCTS_DIR)/FontApp.app/$(BUNDLE_EXECUTABLE_FOLDER_PATH)/FontApp";
			};
			name = Release;
		};
		044F28A13068858A00D0EF7B /* Debug */ = {
			isa = XCBuildConfiguration;
			buildSettings = {
				CODE_SIGN_STYLE = Automatic;
				CURRENT_PROJECT_VERSION = 1;
				GENERATE_INFOPLIST_FILE = YES;
				MARKETING_VERSION = 1.0;
				PRODUCT_BUNDLE_IDENTIFIER = net.fontapp.FontAppUITests;
				PRODUCT_NAME = "$(TARGET_NAME)";
				STRING_CATALOG_GENERATE_SYMBOLS = NO;
				SWIFT_APPROACHABLE_CONCURRENCY = YES;
				SWIFT_EMIT_LOC_STRINGS = NO;
				SWIFT_UPCOMING_FEATURE_MEMBER_IMPORT_VISIBILITY = YES;
				SWIFT_VERSION = 5.0;
				TARGETED_DEVICE_FAMILY = "1,2";
				TEST_TARGET_NAME = FontApp;
			};
			name = Debug;
		};
		044F28A23068858A00D0EF7B /* Release */ = {
			isa = XCBuildConfiguration;
			buildSettings = {
				CODE_SIGN_STYLE = Automatic;
				CURRENT_PROJECT_VERSION = 1;
				GENERATE_INFOPLIST_FILE = YES;
				MARKETING_VERSION = 1.0;
				PRODUCT_BUNDLE_IDENTIFIER = net.fontapp.FontAppUITests;
				PRODUCT_NAME = "$(TARGET_NAME)";
				STRING_CATALOG_GENERATE_SYMBOLS = NO;
				SWIFT_APPROACHABLE_CONCURRENCY = YES;
				SWIFT_EMIT_LOC_STRINGS = NO;
				SWIFT_UPCOMING_FEATURE_MEMBER_IMPORT_VISIBILITY = YES;
				SWIFT_VERSION = 5.0;
				TARGETED_DEVICE_FAMILY = "1,2";
				TEST_TARGET_NAME = FontApp;
			};
			name = Release;
		};
		0AB1C2D3E4F5061728394A08 /* Debug */ = {
			isa = XCBuildConfiguration;
			buildSettings = {
				ASSETCATALOG_COMPILER_GLOBAL_ACCENT_COLOR_NAME = AccentColor;
				CODE_SIGN_STYLE = Automatic;
				CURRENT_PROJECT_VERSION = 4;
				DEVELOPMENT_TEAM = 7V6773B2EX;
				GENERATE_INFOPLIST_FILE = YES;
				INFOPLIST_FILE = "FontAppWidget-Info.plist";
				INFOPLIST_KEY_CFBundleDisplayName = FontApp;
				LD_RUNPATH_SEARCH_PATHS = (
					"$(inherited)",
					"@executable_path/Frameworks",
					"@executable_path/../../Frameworks",
				);
				MARKETING_VERSION = 1.0;
				PRODUCT_BUNDLE_IDENTIFIER = net.fontapp.FontApp.Widget;
				PRODUCT_NAME = "$(TARGET_NAME)";
				SKIP_INSTALL = YES;
				STRING_CATALOG_GENERATE_SYMBOLS = NO;
				SWIFT_APPROACHABLE_CONCURRENCY = YES;
				SWIFT_EMIT_LOC_STRINGS = YES;
				SWIFT_UPCOMING_FEATURE_MEMBER_IMPORT_VISIBILITY = YES;
				SWIFT_VERSION = 5.0;
				TARGETED_DEVICE_FAMILY = 1;
			};
			name = Debug;
		};
		0AB1C2D3E4F5061728394A09 /* Release */ = {
			isa = XCBuildConfiguration;
			buildSettings = {
				ASSETCATALOG_COMPILER_GLOBAL_ACCENT_COLOR_NAME = AccentColor;
				CODE_SIGN_STYLE = Automatic;
				CURRENT_PROJECT_VERSION = 4;
				DEVELOPMENT_TEAM = 7V6773B2EX;
				GENERATE_INFOPLIST_FILE = YES;
				INFOPLIST_FILE = "FontAppWidget-Info.plist";
				INFOPLIST_KEY_CFBundleDisplayName = FontApp;
				LD_RUNPATH_SEARCH_PATHS = (
					"$(inherited)",
					"@executable_path/Frameworks",
					"@executable_path/../../Frameworks",
				);
				MARKETING_VERSION = 1.0;
				PRODUCT_BUNDLE_IDENTIFIER = net.fontapp.FontApp.Widget;
				PRODUCT_NAME = "$(TARGET_NAME)";
				SKIP_INSTALL = YES;
				STRING_CATALOG_GENERATE_SYMBOLS = NO;
				SWIFT_APPROACHABLE_CONCURRENCY = YES;
				SWIFT_EMIT_LOC_STRINGS = YES;
				SWIFT_UPCOMING_FEATURE_MEMBER_IMPORT_VISIBILITY = YES;
				SWIFT_VERSION = 5.0;
				TARGETED_DEVICE_FAMILY = 1;
			};
			name = Release;
		};
/* End XCBuildConfiguration section */

/* Begin XCConfigurationList section */
		044F28723068858800D0EF7B /* Build configuration list for PBXProject "FontApp" */ = {
			isa = XCConfigurationList;
			buildConfigurations = (
				044F28983068858A00D0EF7B /* Debug */,
				044F28993068858A00D0EF7B /* Release */,
			);
			defaultConfigurationIsVisible = 0;
			defaultConfigurationName = Release;
		};
		044F289A3068858A00D0EF7B /* Build configuration list for PBXNativeTarget "FontApp" */ = {
			isa = XCConfigurationList;
			buildConfigurations = (
				044F289B3068858A00D0EF7B /* Debug */,
				044F289C3068858A00D0EF7B /* Release */,
			);
			defaultConfigurationIsVisible = 0;
			defaultConfigurationName = Release;
		};
		044F289D3068858A00D0EF7B /* Build configuration list for PBXNativeTarget "FontAppTests" */ = {
			isa = XCConfigurationList;
			buildConfigurations = (
				044F289E3068858A00D0EF7B /* Debug */,
				044F289F3068858A00D0EF7B /* Release */,
			);
			defaultConfigurationIsVisible = 0;
			defaultConfigurationName = Release;
		};
		044F28A03068858A00D0EF7B /* Build configuration list for PBXNativeTarget "FontAppUITests" */ = {
			isa = XCConfigurationList;
			buildConfigurations = (
				044F28A13068858A00D0EF7B /* Debug */,
				044F28A23068858A00D0EF7B /* Release */,
			);
			defaultConfigurationIsVisible = 0;
			defaultConfigurationName = Release;
		};
		0AB1C2D3E4F5061728394A07 /* Build configuration list for PBXNativeTarget "FontAppWidget" */ = {
			isa = XCConfigurationList;
			buildConfigurations = (
				0AB1C2D3E4F5061728394A08 /* Debug */,
				0AB1C2D3E4F5061728394A09 /* Release */,
			);
			defaultConfigurationIsVisible = 0;
			defaultConfigurationName = Release;
		};
/* End XCConfigurationList section */

/* Begin XCRemoteSwiftPackageReference section */
		04A1B2C3D4E5F60718293A4B /* XCRemoteSwiftPackageReference "maplibre-gl-native-distribution" */ = {
			isa = XCRemoteSwiftPackageReference;
			repositoryURL = "https://github.com/maplibre/maplibre-gl-native-distribution";
			requirement = {
				kind = upToNextMajorVersion;
				minimumVersion = 6.31.0;
			};
		};
/* End XCRemoteSwiftPackageReference section */

/* Begin XCSwiftPackageProductDependency section */
		04A1B2C3D4E5F60718293A4C /* MapLibre */ = {
			isa = XCSwiftPackageProductDependency;
			package = 04A1B2C3D4E5F60718293A4B /* XCRemoteSwiftPackageReference "maplibre-gl-native-distribution" */;
			productName = MapLibre;
		};
/* End XCSwiftPackageProductDependency section */
	};
	rootObject = 044F286F3068858800D0EF7B /* Project object */;
}
